
Microsoft Visual Studio Solution File, Format Version 12.00
# Visual Studio Version 17
VisualStudioVersion = 17.5.002.0
MinimumVisualStudioVersion = 10.0.40219.1
Project("{9A19103F-16F7-4668-BE54-9A1E7A4F7556}") = "DriverHubServer", "DriverHubServer\DriverHubServer.csproj", "{430B9171-B476-4F0B-ADD1-3D7016E59AC7}"
EndProject
Global
	GlobalSection(SolutionConfigurationPlatforms) = preSolution
		Debug|Any CPU = Debug|Any CPU
		Release|Any CPU = Release|Any CPU
	EndGlobalSection
	GlobalSection(ProjectConfigurationPlatforms) = postSolution
		{430B9171-B476-4F0B-ADD1-3D7016E59AC7}.Debug|Any CPU.ActiveCfg = Debug|Any CPU
		{430B9171-B476-4F0B-ADD1-3D7016E59AC7}.Debug|Any CPU.Build.0 = Debug|Any CPU
		{430B9171-B476-4F0B-ADD1-3D7016E59AC7}.Release|Any CPU.ActiveCfg = Release|Any CPU
		{430B9171-B476-4F0B-ADD1-3D7016E59AC7}.Release|Any CPU.Build.0 = Release|Any CPU
	EndGlobalSection
	GlobalSection(SolutionProperties) = preSolution
		HideSolutionNode = FALSE
	EndGlobalSection
	GlobalSection(ExtensibilityGlobals) = postSolution
		SolutionGuid = {9823425F-F58B-4097-8BF5-E6682ED4E3BA}
	EndGlobalSection
EndGlobal
